{
  "name": "logo_generator",
  "version": "1.0.0",
  "lockfileVersion": 3,
  "requires": true,
  "packages": {
    "": {
      "name": "logo_generator",
      "version": "1.0.0",
      "license": "ISC",
      "dependencies": {
        "mini-antui": "^0.5.4"
      }
    },
    "node_modules/mini-antui": {
      "version": "0.5.4",
      "resolved": "https://registry.npmjs.org/mini-antui/-/mini-antui-0.5.4.tgz",
      "integrity": "sha512-cV9SuqlhlQ7bV4dUHBUaTRnZywR3aB97WrsB/xyatT627txS3ISIC6jRLPplLlCMI/n36KgyZMNEayJWaAhvqQ==",
      "license": "MIT"
    }
  }
}
